// !$*UTF8*$!
{
	archiveVersion = 1;
	classes = {
	};
	objectVersion = 46;
	objects = {

/* Begin PBXBuildFile section */
		7761CFBB2444AA0D00AC6E8F /* mix_rpc_client_framework.framework in Frameworks */ = {isa = PBXBuildFile; fileRef = 7761CFBA2444AA0D00AC6E8F /* mix_rpc_client_framework.framework */; };
		8DB4130C22544F7800385408 /* RPC_Client_G_1.h in Headers */ = {isa = PBXBuildFile; fileRef = 8DB4130B22544F7800385408 /* RPC_Client_G_1.h */; };
		8DB4130E22544F7800385408 /* RPC_Client_G_1.mm in Sources */ = {isa = PBXBuildFile; fileRef = 8DB4130D22544F7800385408 /* RPC_Client_G_1.mm */; };
		8DB413202254509600385408 /* Interface.h in Headers */ = {isa = PBXBuildFile; fileRef = 8DB4131E2254509600385408 /* Interface.h */; };
		8DB413212254509600385408 /* Interface.mm in Sources */ = {isa = PBXBuildFile; fileRef = 8DB4131F2254509600385408 /* Interface.mm */; };
		8DB41326225450B100385408 /* RPC_Client_G_1_lua.mm in Sources */ = {isa = PBXBuildFile; fileRef = 8DB41323225450B100385408 /* RPC_Client_G_1_lua.mm */; };
/* End PBXBuildFile section */

/* Begin PBXFileReference section */
		4251257226D5EC4500BD1280 /* Publisher.cpp */ = {isa = PBXFileReference; lastKnownFileType = sourcecode.cpp.cpp; path = Publisher.cpp; sourceTree = "<group>"; };
		4251257326D5EC4500BD1280 /* Publisher.hpp */ = {isa = PBXFileReference; lastKnownFileType = sourcecode.cpp.h; path = Publisher.hpp; sourceTree = "<group>"; };
		4251257426D5EC4500BD1280 /* Replier.cpp */ = {isa = PBXFileReference; lastKnownFileType = sourcecode.cpp.cpp; path = Replier.cpp; sourceTree = "<group>"; };
		4251257526D5EC4500BD1280 /* Replier.hpp */ = {isa = PBXFileReference; lastKnownFileType = sourcecode.cpp.h; path = Replier.hpp; sourceTree = "<group>"; };
		4251257626D5EC4500BD1280 /* Requester.cpp */ = {isa = PBXFileReference; lastKnownFileType = sourcecode.cpp.cpp; path = Requester.cpp; sourceTree = "<group>"; };
		4251257726D5EC4500BD1280 /* Requester.hpp */ = {isa = PBXFileReference; lastKnownFileType = sourcecode.cpp.h; path = Requester.hpp; sourceTree = "<group>"; };
		4251257826D5EC4500BD1280 /* Subscriber.cpp */ = {isa = PBXFileReference; lastKnownFileType = sourcecode.cpp.cpp; path = Subscriber.cpp; sourceTree = "<group>"; };
		4251257926D5EC4500BD1280 /* Subscriber.hpp */ = {isa = PBXFileReference; lastKnownFileType = sourcecode.cpp.h; path = Subscriber.hpp; sourceTree = "<group>"; };
		7761CE3A24321A1000AC6E8F /* rpc_command.plist */ = {isa = PBXFileReference; lastKnownFileType = text.plist.xml; path = rpc_command.plist; sourceTree = "<group>"; };
		7761CFBA2444AA0D00AC6E8F /* mix_rpc_client_framework.framework */ = {isa = PBXFileReference; lastKnownFileType = wrapper.framework; name = mix_rpc_client_framework.framework; path = RPC_Client_G_1/framework/mix_rpc_client_framework.framework; sourceTree = "<group>"; };
		8DB4130822544F7800385408 /* libRPC_Client_G_1.dylib */ = {isa = PBXFileReference; explicitFileType = "compiled.mach-o.dylib"; includeInIndex = 0; path = libRPC_Client_G_1.dylib; sourceTree = BUILT_PRODUCTS_DIR; };
		8DB4130B22544F7800385408 /* RPC_Client_G_1.h */ = {isa = PBXFileReference; lastKnownFileType = sourcecode.c.h; path = RPC_Client_G_1.h; sourceTree = "<group>"; };
		8DB4130D22544F7800385408 /* RPC_Client_G_1.mm */ = {isa = PBXFileReference; lastKnownFileType = sourcecode.cpp.objcpp; path = RPC_Client_G_1.mm; sourceTree = "<group>"; };
		8DB4131E2254509600385408 /* Interface.h */ = {isa = PBXFileReference; fileEncoding = 4; lastKnownFileType = sourcecode.c.h; name = Interface.h; path = ../Interface.h; sourceTree = "<group>"; };
		8DB4131F2254509600385408 /* Interface.mm */ = {isa = PBXFileReference; fileEncoding = 4; lastKnownFileType = sourcecode.cpp.objcpp; name = Interface.mm; path = ../Interface.mm; sourceTree = "<group>"; };
		8DB41323225450B100385408 /* RPC_Client_G_1_lua.mm */ = {isa = PBXFileReference; fileEncoding = 4; lastKnownFileType = sourcecode.cpp.objcpp; name = RPC_Client_G_1_lua.mm; path = ../pkg/RPC_Client_G_1_lua.mm; sourceTree = "<group>"; };
		8DB41324225450B100385408 /* RPC_Client_G_1.pkg */ = {isa = PBXFileReference; explicitFileType = sourcecode.cpp.h; fileEncoding = 4; name = RPC_Client_G_1.pkg; path = ../pkg/RPC_Client_G_1.pkg; sourceTree = "<group>"; };
		8DB41325225450B100385408 /* RPC_Client_G_1.sh */ = {isa = PBXFileReference; fileEncoding = 4; lastKnownFileType = text.script.sh; name = RPC_Client_G_1.sh; path = ../pkg/RPC_Client_G_1.sh; sourceTree = "<group>"; };
/* End PBXFileReference section */

/* Begin PBXFrameworksBuildPhase section */
		8DB4130522544F7800385408 /* Frameworks */ = {
			isa = PBXFrameworksBuildPhase;
			buildActionMask = 2147483647;
			files = (
				7761CFBB2444AA0D00AC6E8F /* mix_rpc_client_framework.framework in Frameworks */,
			);
			runOnlyForDeploymentPostprocessing = 0;
		};
/* End PBXFrameworksBuildPhase section */

/* Begin PBXGroup section */
		4251257126D5EC4500BD1280 /* zmq */ = {
			isa = PBXGroup;
			children = (
				4251257226D5EC4500BD1280 /* Publisher.cpp */,
				4251257326D5EC4500BD1280 /* Publisher.hpp */,
				4251257426D5EC4500BD1280 /* Replier.cpp */,
				4251257526D5EC4500BD1280 /* Replier.hpp */,
				4251257626D5EC4500BD1280 /* Requester.cpp */,
				4251257726D5EC4500BD1280 /* Requester.hpp */,
				4251257826D5EC4500BD1280 /* Subscriber.cpp */,
				4251257926D5EC4500BD1280 /* Subscriber.hpp */,
			);
			path = zmq;
			sourceTree = "<group>";
		};
		8DB412FF22544F7800385408 = {
			isa = PBXGroup;
			children = (
				4251257126D5EC4500BD1280 /* zmq */,
				8DB41327225450C200385408 /* framework */,
				8DB41322225450A100385408 /* pkg */,
				8DB4131D2254507C00385408 /* interface */,
				8DB4130A22544F7800385408 /* RPC_Client_G_1 */,
				8DB4130922544F7800385408 /* Products */,
			);
			sourceTree = "<group>";
		};
		8DB4130922544F7800385408 /* Products */ = {
			isa = PBXGroup;
			children = (
				8DB4130822544F7800385408 /* libRPC_Client_G_1.dylib */,
			);
			name = Products;
			sourceTree = "<group>";
		};
		8DB4130A22544F7800385408 /* RPC_Client_G_1 */ = {
			isa = PBXGroup;
			children = (
				8DB4130B22544F7800385408 /* RPC_Client_G_1.h */,
				8DB4130D22544F7800385408 /* RPC_Client_G_1.mm */,
				7761CE3A24321A1000AC6E8F /* rpc_command.plist */,
			);
			path = RPC_Client_G_1;
			sourceTree = "<group>";
		};
		8DB4131D2254507C00385408 /* interface */ = {
			isa = PBXGroup;
			children = (
				8DB4131E2254509600385408 /* Interface.h */,
				8DB4131F2254509600385408 /* Interface.mm */,
			);
			name = interface;
			sourceTree = "<group>";
		};
		8DB41322225450A100385408 /* pkg */ = {
			isa = PBXGroup;
			children = (
				8DB41323225450B100385408 /* RPC_Client_G_1_lua.mm */,
				8DB41324225450B100385408 /* RPC_Client_G_1.pkg */,
				8DB41325225450B100385408 /* RPC_Client_G_1.sh */,
			);
			name = pkg;
			sourceTree = "<group>";
		};
		8DB41327225450C200385408 /* framework */ = {
			isa = PBXGroup;
			children = (
				7761CFBA2444AA0D00AC6E8F /* mix_rpc_client_framework.framework */,
			);
			name = framework;
			sourceTree = "<group>";
		};
/* End PBXGroup section */

/* Begin PBXHeadersBuildPhase section */
		8DB4130622544F7800385408 /* Headers */ = {
			isa = PBXHeadersBuildPhase;
			buildActionMask = 2147483647;
			files = (
				8DB4130C22544F7800385408 /* RPC_Client_G_1.h in Headers */,
				8DB413202254509600385408 /* Interface.h in Headers */,
			);
			runOnlyForDeploymentPostprocessing = 0;
		};
/* End PBXHeadersBuildPhase section */

/* Begin PBXNativeTarget section */
		8DB4130722544F7800385408 /* RPC_Client_G_1 */ = {
			isa = PBXNativeTarget;
			buildConfigurationList = 8DB4131122544F7800385408 /* Build configuration list for PBXNativeTarget "RPC_Client_G_1" */;
			buildPhases = (
				8DB4130422544F7800385408 /* Sources */,
				8DB4130522544F7800385408 /* Frameworks */,
				8DB4130622544F7800385408 /* Headers */,
			);
			buildRules = (
			);
			dependencies = (
			);
			name = RPC_Client_G_1;
			productName = RPC_Client_G_1;
			productReference = 8DB4130822544F7800385408 /* libRPC_Client_G_1.dylib */;
			productType = "com.apple.product-type.library.dynamic";
		};
/* End PBXNativeTarget section */

/* Begin PBXProject section */
		8DB4130022544F7800385408 /* Project object */ = {
			isa = PBXProject;
			attributes = {
				LastUpgradeCheck = 0800;
				ORGANIZATIONNAME = AustinShih;
				TargetAttributes = {
					8DB4130722544F7800385408 = {
						CreatedOnToolsVersion = 8.0;
						ProvisioningStyle = Automatic;
					};
				};
			};
			buildConfigurationList = 8DB4130322544F7800385408 /* Build configuration list for PBXProject "RPC_Client_G_1" */;
			compatibilityVersion = "Xcode 3.2";
			developmentRegion = English;
			hasScannedForEncodings = 0;
			knownRegions = (
				English,
				en,
			);
			mainGroup = 8DB412FF22544F7800385408;
			productRefGroup = 8DB4130922544F7800385408 /* Products */;
			projectDirPath = "";
			projectRoot = "";
			targets = (
				8DB4130722544F7800385408 /* RPC_Client_G_1 */,
			);
		};
/* End PBXProject section */

/* Begin PBXSourcesBuildPhase section */
		8DB4130422544F7800385408 /* Sources */ = {
			isa = PBXSourcesBuildPhase;
			buildActionMask = 2147483647;
			files = (
				8DB41326225450B100385408 /* RPC_Client_G_1_lua.mm in Sources */,
				8DB413212254509600385408 /* Interface.mm in Sources */,
				8DB4130E22544F7800385408 /* RPC_Client_G_1.mm in Sources */,
			);
			runOnlyForDeploymentPostprocessing = 0;
		};
/* End PBXSourcesBuildPhase section */

/* Begin XCBuildConfiguration section */
		8DB4130F22544F7800385408 /* Debug */ = {
			isa = XCBuildConfiguration;
			buildSettings = {
				ALWAYS_SEARCH_USER_PATHS = NO;
				CLANG_ANALYZER_NONNULL = YES;
				CLANG_CXX_LANGUAGE_STANDARD = "gnu++0x";
				CLANG_CXX_LIBRARY = "libc++";
				CLANG_ENABLE_MODULES = YES;
				CLANG_ENABLE_OBJC_ARC = YES;
				CLANG_WARN_BOOL_CONVERSION = YES;
				CLANG_WARN_CONSTANT_CONVERSION = YES;
				CLANG_WARN_DIRECT_OBJC_ISA_USAGE = YES_ERROR;
				CLANG_WARN_DOCUMENTATION_COMMENTS = YES;
				CLANG_WARN_EMPTY_BODY = YES;
				CLANG_WARN_ENUM_CONVERSION = YES;
				CLANG_WARN_INFINITE_RECURSION = YES;
				CLANG_WARN_INT_CONVERSION = YES;
				CLANG_WARN_OBJC_ROOT_CLASS = YES_ERROR;
				CLANG_WARN_SUSPICIOUS_MOVES = YES;
				CLANG_WARN_UNREACHABLE_CODE = YES;
				CLANG_WARN__DUPLICATE_METHOD_MATCH = YES;
				CODE_SIGN_IDENTITY = "-";
				COPY_PHASE_STRIP = NO;
				DEBUG_INFORMATION_FORMAT = dwarf;
				ENABLE_STRICT_OBJC_MSGSEND = YES;
				ENABLE_TESTABILITY = YES;
				GCC_C_LANGUAGE_STANDARD = gnu99;
				GCC_DYNAMIC_NO_PIC = NO;
				GCC_NO_COMMON_BLOCKS = YES;
				GCC_OPTIMIZATION_LEVEL = 0;
				GCC_PREPROCESSOR_DEFINITIONS = (
					"DEBUG=1",
					"$(inherited)",
				);
				GCC_WARN_64_TO_32_BIT_CONVERSION = YES;
				GCC_WARN_ABOUT_RETURN_TYPE = YES_ERROR;
				GCC_WARN_UNDECLARED_SELECTOR = YES;
				GCC_WARN_UNINITIALIZED_AUTOS = YES_AGGRESSIVE;
				GCC_WARN_UNUSED_FUNCTION = YES;
				GCC_WARN_UNUSED_VARIABLE = YES;
				LD_RUNPATH_SEARCH_PATHS = "@rpath";
				MACOSX_DEPLOYMENT_TARGET = 10.12;
				MTL_ENABLE_DEBUG_INFO = YES;
				ONLY_ACTIVE_ARCH = YES;
				SDKROOT = macosx;
			};
			name = Debug;
		};
		8DB4131022544F7800385408 /* Release */ = {
			isa = XCBuildConfiguration;
			buildSettings = {
				ALWAYS_SEARCH_USER_PATHS = NO;
				CLANG_ANALYZER_NONNULL = YES;
				CLANG_CXX_LANGUAGE_STANDARD = "gnu++0x";
				CLANG_CXX_LIBRARY = "libc++";
				CLANG_ENABLE_MODULES = YES;
				CLANG_ENABLE_OBJC_ARC = YES;
				CLANG_WARN_BOOL_CONVERSION = YES;
				CLANG_WARN_CONSTANT_CONVERSION = YES;
				CLANG_WARN_DIRECT_OBJC_ISA_USAGE = YES_ERROR;
				CLANG_WARN_DOCUMENTATION_COMMENTS = YES;
				CLANG_WARN_EMPTY_BODY = YES;
				CLANG_WARN_ENUM_CONVERSION = YES;
				CLANG_WARN_INFINITE_RECURSION = YES;
				CLANG_WARN_INT_CONVERSION = YES;
				CLANG_WARN_OBJC_ROOT_CLASS = YES_ERROR;
				CLANG_WARN_SUSPICIOUS_MOVES = YES;
				CLANG_WARN_UNREACHABLE_CODE = YES;
				CLANG_WARN__DUPLICATE_METHOD_MATCH = YES;
				CODE_SIGN_IDENTITY = "-";
				COPY_PHASE_STRIP = NO;
				DEBUG_INFORMATION_FORMAT = "dwarf-with-dsym";
				ENABLE_NS_ASSERTIONS = NO;
				ENABLE_STRICT_OBJC_MSGSEND = YES;
				GCC_C_LANGUAGE_STANDARD = gnu99;
				GCC_NO_COMMON_BLOCKS = YES;
				GCC_WARN_64_TO_32_BIT_CONVERSION = YES;
				GCC_WARN_ABOUT_RETURN_TYPE = YES_ERROR;
				GCC_WARN_UNDECLARED_SELECTOR = YES;
				GCC_WARN_UNINITIALIZED_AUTOS = YES_AGGRESSIVE;
				GCC_WARN_UNUSED_FUNCTION = YES;
				GCC_WARN_UNUSED_VARIABLE = YES;
				LD_RUNPATH_SEARCH_PATHS = "@rpath";
				MACOSX_DEPLOYMENT_TARGET = 10.12;
				MTL_ENABLE_DEBUG_INFO = NO;
				SDKROOT = macosx;
			};
			name = Release;
		};
		8DB4131222544F7800385408 /* Debug */ = {
			isa = XCBuildConfiguration;
			buildSettings = {
				CLANG_ENABLE_OBJC_ARC = NO;
				CLANG_WARN_DOCUMENTATION_COMMENTS = NO;
				CLANG_WARN_INFINITE_RECURSION = NO;
				DYLIB_COMPATIBILITY_VERSION = 1;
				DYLIB_CURRENT_VERSION = 1;
				DYLIB_INSTALL_NAME_BASE = "@rpath";
				EXECUTABLE_PREFIX = lib;
				FRAMEWORK_SEARCH_PATHS = (
					"$(inherited)",
					"$(LOCAL_LIBRARY_DIR)/Frameworks",
					"$(PROJECT_DIR)/framework",
					/AppleInternal/Library/Frameworks,
					"$(PROJECT_DIR)/RPC_Client_G_1/framework",
				);
				INSTALL_PATH = "@rpath";
				LD_DYLIB_INSTALL_NAME = "@rpath/libRPC_Client_G_1.dylib";
				LD_RUNPATH_SEARCH_PATHS = "@rpath";
				MACOSX_DEPLOYMENT_TARGET = 10.10;
				PRODUCT_NAME = "$(TARGET_NAME)";
			};
			name = Debug;
		};
		8DB4131322544F7800385408 /* Release */ = {
			isa = XCBuildConfiguration;
			buildSettings = {
				CLANG_ENABLE_OBJC_ARC = NO;
				CLANG_WARN_DOCUMENTATION_COMMENTS = NO;
				CLANG_WARN_INFINITE_RECURSION = NO;
				DYLIB_COMPATIBILITY_VERSION = 1;
				DYLIB_CURRENT_VERSION = 1;
				DYLIB_INSTALL_NAME_BASE = "@rpath";
				EXECUTABLE_PREFIX = lib;
				FRAMEWORK_SEARCH_PATHS = (
					"$(inherited)",
					"$(LOCAL_LIBRARY_DIR)/Frameworks",
					"$(PROJECT_DIR)/framework",
					/AppleInternal/Library/Frameworks,
					"$(PROJECT_DIR)/RPC_Client_G_1/framework",
				);
				INSTALL_PATH = "@rpath";
				LD_DYLIB_INSTALL_NAME = "@rpath/libRPC_Client_G_1.dylib";
				LD_RUNPATH_SEARCH_PATHS = "@rpath";
				MACOSX_DEPLOYMENT_TARGET = 10.10;
				PRODUCT_NAME = "$(TARGET_NAME)";
			};
			name = Release;
		};
/* End XCBuildConfiguration section */

/* Begin XCConfigurationList section */
		8DB4130322544F7800385408 /* Build configuration list for PBXProject "RPC_Client_G_1" */ = {
			isa = XCConfigurationList;
			buildConfigurations = (
				8DB4130F22544F7800385408 /* Debug */,
				8DB4131022544F7800385408 /* Release */,
			);
			defaultConfigurationIsVisible = 0;
			defaultConfigurationName = Release;
		};
		8DB4131122544F7800385408 /* Build configuration list for PBXNativeTarget "RPC_Client_G_1" */ = {
			isa = XCConfigurationList;
			buildConfigurations = (
				8DB4131222544F7800385408 /* Debug */,
				8DB4131322544F7800385408 /* Release */,
			);
			defaultConfigurationIsVisible = 0;
			defaultConfigurationName = Release;
		};
/* End XCConfigurationList section */
	};
	rootObject = 8DB4130022544F7800385408 /* Project object */;
}
