// !$*UTF8*$!
{
	archiveVersion = 1;
	classes = {
	};
	objectVersion = 50;
	objects = {

/* Begin PBXBuildFile section */
		AFCFDB2B267B9271007511D8 /* Eowyn.h in Headers */ = {isa = PBXBuildFile; fileRef = AFCFDB2A267B9271007511D8 /* Eowyn.h */; };
		AFCFDB2D267B9271007511D8 /* Eowyn.m in Sources */ = {isa = PBXBuildFile; fileRef = AFCFDB2C267B9271007511D8 /* Eowyn.m */; };
		AFCFDB35267B92C6007511D8 /* eowynController.h in Headers */ = {isa = PBXBuildFile; fileRef = AFCFDB33267B92C6007511D8 /* eowynController.h */; };
		AFCFDB36267B92C6007511D8 /* eowynController.m in Sources */ = {isa = PBXBuildFile; fileRef = AFCFDB34267B92C6007511D8 /* eowynController.m */; };
		AFCFDB3C267B9647007511D8 /* fixtureControl.h in Headers */ = {isa = PBXBuildFile; fileRef = AFCFDB3A267B9647007511D8 /* fixtureControl.h */; };
		AFCFDB3D267B9647007511D8 /* fixtureControl.m in Sources */ = {isa = PBXBuildFile; fileRef = AFCFDB3B267B9647007511D8 /* fixtureControl.m */; };
/* End PBXBuildFile section */

/* Begin PBXFileReference section */
		AFCFDB27267B9271007511D8 /* Eowyn.l-dylib */ = {isa = PBXFileReference; explicitFileType = "compiled.mach-o.dylib"; includeInIndex = 0; path = "Eowyn.l-dylib"; sourceTree = BUILT_PRODUCTS_DIR; };
		AFCFDB2A267B9271007511D8 /* Eowyn.h */ = {isa = PBXFileReference; lastKnownFileType = sourcecode.c.h; path = Eowyn.h; sourceTree = "<group>"; };
		AFCFDB2C267B9271007511D8 /* Eowyn.m */ = {isa = PBXFileReference; lastKnownFileType = sourcecode.c.objc; path = Eowyn.m; sourceTree = "<group>"; };
		AFCFDB33267B92C6007511D8 /* eowynController.h */ = {isa = PBXFileReference; lastKnownFileType = sourcecode.c.h; path = eowynController.h; sourceTree = "<group>"; };
		AFCFDB34267B92C6007511D8 /* eowynController.m */ = {isa = PBXFileReference; lastKnownFileType = sourcecode.c.objc; path = eowynController.m; sourceTree = "<group>"; };
		AFCFDB3A267B9647007511D8 /* fixtureControl.h */ = {isa = PBXFileReference; lastKnownFileType = sourcecode.c.h; path = fixtureControl.h; sourceTree = "<group>"; };
		AFCFDB3B267B9647007511D8 /* fixtureControl.m */ = {isa = PBXFileReference; lastKnownFileType = sourcecode.c.objc; path = fixtureControl.m; sourceTree = "<group>"; };
/* End PBXFileReference section */

/* Begin PBXFrameworksBuildPhase section */
		AFCFDB25267B9271007511D8 /* Frameworks */ = {
			isa = PBXFrameworksBuildPhase;
			buildActionMask = 2147483647;
			files = (
			);
			runOnlyForDeploymentPostprocessing = 0;
		};
/* End PBXFrameworksBuildPhase section */

/* Begin PBXGroup section */
		AF2183982722C70E007AAD88 /* Frameworks */ = {
			isa = PBXGroup;
			children = (
			);
			name = Frameworks;
			sourceTree = "<group>";
		};
		AFCFDB1E267B9271007511D8 = {
			isa = PBXGroup;
			children = (
				AFCFDB29267B9271007511D8 /* Eowyn */,
				AFCFDB28267B9271007511D8 /* Products */,
				AF2183982722C70E007AAD88 /* Frameworks */,
			);
			sourceTree = "<group>";
		};
		AFCFDB28267B9271007511D8 /* Products */ = {
			isa = PBXGroup;
			children = (
				AFCFDB27267B9271007511D8 /* Eowyn.l-dylib */,
			);
			name = Products;
			sourceTree = "<group>";
		};
		AFCFDB29267B9271007511D8 /* Eowyn */ = {
			isa = PBXGroup;
			children = (
				AFCFDB33267B92C6007511D8 /* eowynController.h */,
				AFCFDB34267B92C6007511D8 /* eowynController.m */,
				AFCFDB3A267B9647007511D8 /* fixtureControl.h */,
				AFCFDB3B267B9647007511D8 /* fixtureControl.m */,
				AFCFDB2A267B9271007511D8 /* Eowyn.h */,
				AFCFDB2C267B9271007511D8 /* Eowyn.m */,
			);
			path = Eowyn;
			sourceTree = "<group>";
		};
/* End PBXGroup section */

/* Begin PBXHeadersBuildPhase section */
		AFCFDB23267B9271007511D8 /* Headers */ = {
			isa = PBXHeadersBuildPhase;
			buildActionMask = 2147483647;
			files = (
				AFCFDB35267B92C6007511D8 /* eowynController.h in Headers */,
				AFCFDB3C267B9647007511D8 /* fixtureControl.h in Headers */,
				AFCFDB2B267B9271007511D8 /* Eowyn.h in Headers */,
			);
			runOnlyForDeploymentPostprocessing = 0;
		};
/* End PBXHeadersBuildPhase section */

/* Begin PBXNativeTarget section */
		AFCFDB26267B9271007511D8 /* Eowyn */ = {
			isa = PBXNativeTarget;
			buildConfigurationList = AFCFDB30267B9272007511D8 /* Build configuration list for PBXNativeTarget "Eowyn" */;
			buildPhases = (
				AFCFDB23267B9271007511D8 /* Headers */,
				AFCFDB24267B9271007511D8 /* Sources */,
				AFCFDB25267B9271007511D8 /* Frameworks */,
			);
			buildRules = (
			);
			dependencies = (
			);
			name = Eowyn;
			productName = Eowyn;
			productReference = AFCFDB27267B9271007511D8 /* Eowyn.l-dylib */;
			productType = "com.apple.product-type.library.dynamic";
		};
/* End PBXNativeTarget section */

/* Begin PBXProject section */
		AFCFDB1F267B9271007511D8 /* Project object */ = {
			isa = PBXProject;
			attributes = {
				LastUpgradeCheck = 1130;
				ORGANIZATIONNAME = gdlocal;
				TargetAttributes = {
					AFCFDB26267B9271007511D8 = {
						CreatedOnToolsVersion = 11.3.1;
					};
				};
			};
			buildConfigurationList = AFCFDB22267B9271007511D8 /* Build configuration list for PBXProject "Eowyn" */;
			compatibilityVersion = "Xcode 9.3";
			developmentRegion = en;
			hasScannedForEncodings = 0;
			knownRegions = (
				en,
				Base,
			);
			mainGroup = AFCFDB1E267B9271007511D8;
			productRefGroup = AFCFDB28267B9271007511D8 /* Products */;
			projectDirPath = "";
			projectRoot = "";
			targets = (
				AFCFDB26267B9271007511D8 /* Eowyn */,
			);
		};
/* End PBXProject section */

/* Begin PBXSourcesBuildPhase section */
		AFCFDB24267B9271007511D8 /* Sources */ = {
			isa = PBXSourcesBuildPhase;
			buildActionMask = 2147483647;
			files = (
				AFCFDB2D267B9271007511D8 /* Eowyn.m in Sources */,
				AFCFDB36267B92C6007511D8 /* eowynController.m in Sources */,
				AFCFDB3D267B9647007511D8 /* fixtureControl.m in Sources */,
			);
			runOnlyForDeploymentPostprocessing = 0;
		};
/* End PBXSourcesBuildPhase section */

/* Begin XCBuildConfiguration section */
		AFCFDB2E267B9272007511D8 /* Debug */ = {
			isa = XCBuildConfiguration;
			buildSettings = {
				ALWAYS_SEARCH_USER_PATHS = NO;
				CLANG_ANALYZER_NONNULL = YES;
				CLANG_ANALYZER_NUMBER_OBJECT_CONVERSION = YES_AGGRESSIVE;
				CLANG_CXX_LANGUAGE_STANDARD = "gnu++14";
				CLANG_CXX_LIBRARY = "libc++";
				CLANG_ENABLE_MODULES = YES;
				CLANG_ENABLE_OBJC_ARC = YES;
				CLANG_ENABLE_OBJC_WEAK = YES;
				CLANG_WARN_BLOCK_CAPTURE_AUTORELEASING = YES;
				CLANG_WARN_BOOL_CONVERSION = YES;
				CLANG_WARN_COMMA = YES;
				CLANG_WARN_CONSTANT_CONVERSION = YES;
				CLANG_WARN_DEPRECATED_OBJC_IMPLEMENTATIONS = YES;
				CLANG_WARN_DIRECT_OBJC_ISA_USAGE = YES_ERROR;
				CLANG_WARN_DOCUMENTATION_COMMENTS = YES;
				CLANG_WARN_EMPTY_BODY = YES;
				CLANG_WARN_ENUM_CONVERSION = YES;
				CLANG_WARN_INFINITE_RECURSION = YES;
				CLANG_WARN_INT_CONVERSION = YES;
				CLANG_WARN_NON_LITERAL_NULL_CONVERSION = YES;
				CLANG_WARN_OBJC_IMPLICIT_RETAIN_SELF = YES;
				CLANG_WARN_OBJC_LITERAL_CONVERSION = YES;
				CLANG_WARN_OBJC_ROOT_CLASS = YES_ERROR;
				CLANG_WARN_RANGE_LOOP_ANALYSIS = YES;
				CLANG_WARN_STRICT_PROTOTYPES = YES;
				CLANG_WARN_SUSPICIOUS_MOVE = YES;
				CLANG_WARN_UNGUARDED_AVAILABILITY = YES_AGGRESSIVE;
				CLANG_WARN_UNREACHABLE_CODE = YES;
				CLANG_WARN__DUPLICATE_METHOD_MATCH = YES;
				COPY_PHASE_STRIP = NO;
				DEBUG_INFORMATION_FORMAT = dwarf;
				ENABLE_STRICT_OBJC_MSGSEND = YES;
				ENABLE_TESTABILITY = YES;
				FRAMEWORK_SEARCH_PATHS = (
					/AppleInternal/Library/Frameworks,
					"$(PROJECT_DIR)/framework",
					"$(inherited)",
				);
				GCC_C_LANGUAGE_STANDARD = gnu11;
				GCC_DYNAMIC_NO_PIC = NO;
				GCC_NO_COMMON_BLOCKS = YES;
				GCC_OPTIMIZATION_LEVEL = 0;
				GCC_PREPROCESSOR_DEFINITIONS = (
					"DEBUG=1",
					"$(inherited)",
				);
				GCC_WARN_64_TO_32_BIT_CONVERSION = YES;
				GCC_WARN_ABOUT_RETURN_TYPE = YES_ERROR;
				GCC_WARN_UNDECLARED_SELECTOR = YES;
				GCC_WARN_UNINITIALIZED_AUTOS = YES_AGGRESSIVE;
				GCC_WARN_UNUSED_FUNCTION = YES;
				GCC_WARN_UNUSED_VARIABLE = YES;
				LD_RUNPATH_SEARCH_PATHS = /AppleInternal/Library/Frameworks/;
				MACOSX_DEPLOYMENT_TARGET = 10.14;
				MTL_ENABLE_DEBUG_INFO = INCLUDE_SOURCE;
				MTL_FAST_MATH = YES;
				ONLY_ACTIVE_ARCH = YES;
				SDKROOT = macosx;
			};
			name = Debug;
		};
		AFCFDB2F267B9272007511D8 /* Release */ = {
			isa = XCBuildConfiguration;
			buildSettings = {
				ALWAYS_SEARCH_USER_PATHS = NO;
				CLANG_ANALYZER_NONNULL = YES;
				CLANG_ANALYZER_NUMBER_OBJECT_CONVERSION = YES_AGGRESSIVE;
				CLANG_CXX_LANGUAGE_STANDARD = "gnu++14";
				CLANG_CXX_LIBRARY = "libc++";
				CLANG_ENABLE_MODULES = YES;
				CLANG_ENABLE_OBJC_ARC = YES;
				CLANG_ENABLE_OBJC_WEAK = YES;
				CLANG_WARN_BLOCK_CAPTURE_AUTORELEASING = YES;
				CLANG_WARN_BOOL_CONVERSION = YES;
				CLANG_WARN_COMMA = YES;
				CLANG_WARN_CONSTANT_CONVERSION = YES;
				CLANG_WARN_DEPRECATED_OBJC_IMPLEMENTATIONS = YES;
				CLANG_WARN_DIRECT_OBJC_ISA_USAGE = YES_ERROR;
				CLANG_WARN_DOCUMENTATION_COMMENTS = YES;
				CLANG_WARN_EMPTY_BODY = YES;
				CLANG_WARN_ENUM_CONVERSION = YES;
				CLANG_WARN_INFINITE_RECURSION = YES;
				CLANG_WARN_INT_CONVERSION = YES;
				CLANG_WARN_NON_LITERAL_NULL_CONVERSION = YES;
				CLANG_WARN_OBJC_IMPLICIT_RETAIN_SELF = YES;
				CLANG_WARN_OBJC_LITERAL_CONVERSION = YES;
				CLANG_WARN_OBJC_ROOT_CLASS = YES_ERROR;
				CLANG_WARN_RANGE_LOOP_ANALYSIS = YES;
				CLANG_WARN_STRICT_PROTOTYPES = YES;
				CLANG_WARN_SUSPICIOUS_MOVE = YES;
				CLANG_WARN_UNGUARDED_AVAILABILITY = YES_AGGRESSIVE;
				CLANG_WARN_UNREACHABLE_CODE = YES;
				CLANG_WARN__DUPLICATE_METHOD_MATCH = YES;
				COPY_PHASE_STRIP = NO;
				DEBUG_INFORMATION_FORMAT = "dwarf-with-dsym";
				ENABLE_NS_ASSERTIONS = NO;
				ENABLE_STRICT_OBJC_MSGSEND = YES;
				FRAMEWORK_SEARCH_PATHS = (
					/AppleInternal/Library/Frameworks,
					"$(PROJECT_DIR)/framework",
					"$(inherited)",
				);
				GCC_C_LANGUAGE_STANDARD = gnu11;
				GCC_NO_COMMON_BLOCKS = YES;
				GCC_WARN_64_TO_32_BIT_CONVERSION = YES;
				GCC_WARN_ABOUT_RETURN_TYPE = YES_ERROR;
				GCC_WARN_UNDECLARED_SELECTOR = YES;
				GCC_WARN_UNINITIALIZED_AUTOS = YES_AGGRESSIVE;
				GCC_WARN_UNUSED_FUNCTION = YES;
				GCC_WARN_UNUSED_VARIABLE = YES;
				LD_RUNPATH_SEARCH_PATHS = /AppleInternal/Library/Frameworks/;
				MACOSX_DEPLOYMENT_TARGET = 10.14;
				MTL_ENABLE_DEBUG_INFO = NO;
				MTL_FAST_MATH = YES;
				SDKROOT = macosx;
			};
			name = Release;
		};
		AFCFDB31267B9272007511D8 /* Debug */ = {
			isa = XCBuildConfiguration;
			buildSettings = {
				ALWAYS_SEARCH_USER_PATHS = NO;
				CODE_SIGN_STYLE = Automatic;
				DYLIB_COMPATIBILITY_VERSION = 1;
				DYLIB_CURRENT_VERSION = 1;
				EXECUTABLE_EXTENSION = "l-dylib";
				FRAMEWORK_SEARCH_PATHS = (
					/AppleInternal/Library/Frameworks/,
					"$(PROJECT_DIR)",
				);
				INSTALL_PATH = /usr/local/Atlas/Plugins/;
				LD_RUNPATH_SEARCH_PATHS = /AppleInternal/Library/Frameworks/;
				MACOSX_DEPLOYMENT_TARGET = 10.14;
				PRODUCT_NAME = "$(TARGET_NAME)";
				SKIP_INSTALL = NO;
			};
			name = Debug;
		};
		AFCFDB32267B9272007511D8 /* Release */ = {
			isa = XCBuildConfiguration;
			buildSettings = {
				ALWAYS_SEARCH_USER_PATHS = NO;
				CODE_SIGN_STYLE = Automatic;
				DYLIB_COMPATIBILITY_VERSION = 1;
				DYLIB_CURRENT_VERSION = 1;
				EXECUTABLE_EXTENSION = "l-dylib";
				FRAMEWORK_SEARCH_PATHS = (
					/AppleInternal/Library/Frameworks/,
					"$(PROJECT_DIR)",
				);
				INSTALL_PATH = /usr/local/Atlas/Plugins/;
				LD_RUNPATH_SEARCH_PATHS = /AppleInternal/Library/Frameworks/;
				MACOSX_DEPLOYMENT_TARGET = 10.14;
				PRODUCT_NAME = "$(TARGET_NAME)";
				SKIP_INSTALL = NO;
			};
			name = Release;
		};
/* End XCBuildConfiguration section */

/* Begin XCConfigurationList section */
		AFCFDB22267B9271007511D8 /* Build configuration list for PBXProject "Eowyn" */ = {
			isa = XCConfigurationList;
			buildConfigurations = (
				AFCFDB2E267B9272007511D8 /* Debug */,
				AFCFDB2F267B9272007511D8 /* Release */,
			);
			defaultConfigurationIsVisible = 0;
			defaultConfigurationName = Release;
		};
		AFCFDB30267B9272007511D8 /* Build configuration list for PBXNativeTarget "Eowyn" */ = {
			isa = XCConfigurationList;
			buildConfigurations = (
				AFCFDB31267B9272007511D8 /* Debug */,
				AFCFDB32267B9272007511D8 /* Release */,
			);
			defaultConfigurationIsVisible = 0;
			defaultConfigurationName = Release;
		};
/* End XCConfigurationList section */
	};
	rootObject = AFCFDB1F267B9271007511D8 /* Project object */;
}
